
Microsoft Visual Studio Solution File, Format Version 12.00
# Visual Studio Version 18
VisualStudioVersion = 18.6.11822.322 stable
MinimumVisualStudioVersion = 10.0.40219.1
Project("{FAE04EC0-301F-11D3-BF4B-00C04F79EFBC}") = "HtmlEditor", "HtmlEditor.csproj", "{2F4314E3-81FA-B199-5F8C-A3A22BBFF766}"
EndProject
Global
	GlobalSection(SolutionConfigurationPlatforms) = preSolution
		Debug|Any CPU = Debug|Any CPU
		Release|Any CPU = Release|Any CPU
	EndGlobalSection
	GlobalSection(ProjectConfigurationPlatforms) = postSolution
		{2F4314E3-81FA-B199-5F8C-A3A22BBFF766}.Debug|Any CPU.ActiveCfg = Debug|Any CPU
		{2F4314E3-81FA-B199-5F8C-A3A22BBFF766}.Debug|Any CPU.Build.0 = Debug|Any CPU
		{2F4314E3-81FA-B199-5F8C-A3A22BBFF766}.Release|Any CPU.ActiveCfg = Release|Any CPU
		{2F4314E3-81FA-B199-5F8C-A3A22BBFF766}.Release|Any CPU.Build.0 = Release|Any CPU
	EndGlobalSection
	GlobalSection(SolutionProperties) = preSolution
		HideSolutionNode = FALSE
	EndGlobalSection
	GlobalSection(ExtensibilityGlobals) = postSolution
		SolutionGuid = {61557547-31E4-4A89-89CC-CA12951E120D}
	EndGlobalSection
EndGlobal
